
Microsoft Visual Studio Solution File, Format Version 12.00
# Visual Studio Version 17
VisualStudioVersion = 17.3.32929.385
MinimumVisualStudioVersion = 10.0.40219.1
Project("{9A19103F-16F7-4668-BE54-9A1E7A4F7556}") = "GeekBurger.Products.Contract", "app\GeekBurger.Products.Contract\GeekBurger.Products.Contract.csproj", "{47E72CB3-B307-42B3-B814-EE59EFF90E1F}"
EndProject
Project("{9A19103F-16F7-4668-BE54-9A1E7A4F7556}") = "GeekBurger.Products", "app\GeekBurger.Products\GeekBurger.Products.csproj", "{69DA09C7-F7CF-4D4C-97D5-36D5A5F5EFB8}"
EndProject
Project("{FAE04EC0-301F-11D3-BF4B-00C04F79EFBC}") = "GeekBurger.Queue", "app\GeekBurger.Queue\GeekBurger.Queue.csproj", "{320A168E-AE23-4B30-B288-648459B26DD9}"
EndProject
Global
	GlobalSection(SolutionConfigurationPlatforms) = preSolution
		Debug|Any CPU = Debug|Any CPU
		Release|Any CPU = Release|Any CPU
	EndGlobalSection
	GlobalSection(ProjectConfigurationPlatforms) = postSolution
		{47E72CB3-B307-42B3-B814-EE59EFF90E1F}.Debug|Any CPU.ActiveCfg = Debug|Any CPU
		{47E72CB3-B307-42B3-B814-EE59EFF90E1F}.Debug|Any CPU.Build.0 = Debug|Any CPU
		{47E72CB3-B307-42B3-B814-EE59EFF90E1F}.Release|Any CPU.ActiveCfg = Release|Any CPU
		{47E72CB3-B307-42B3-B814-EE59EFF90E1F}.Release|Any CPU.Build.0 = Release|Any CPU
		{69DA09C7-F7CF-4D4C-97D5-36D5A5F5EFB8}.Debug|Any CPU.ActiveCfg = Debug|Any CPU
		{69DA09C7-F7CF-4D4C-97D5-36D5A5F5EFB8}.Debug|Any CPU.Build.0 = Debug|Any CPU
		{69DA09C7-F7CF-4D4C-97D5-36D5A5F5EFB8}.Release|Any CPU.ActiveCfg = Release|Any CPU
		{69DA09C7-F7CF-4D4C-97D5-36D5A5F5EFB8}.Release|Any CPU.Build.0 = Release|Any CPU
		{320A168E-AE23-4B30-B288-648459B26DD9}.Debug|Any CPU.ActiveCfg = Debug|Any CPU
		{320A168E-AE23-4B30-B288-648459B26DD9}.Debug|Any CPU.Build.0 = Debug|Any CPU
		{320A168E-AE23-4B30-B288-648459B26DD9}.Release|Any CPU.ActiveCfg = Release|Any CPU
		{320A168E-AE23-4B30-B288-648459B26DD9}.Release|Any CPU.Build.0 = Release|Any CPU
	EndGlobalSection
	GlobalSection(SolutionProperties) = preSolution
		HideSolutionNode = FALSE
	EndGlobalSection
	GlobalSection(ExtensibilityGlobals) = postSolution
		SolutionGuid = {028D8644-8E75-4AD0-A212-4D5A3B4D9360}
	EndGlobalSection
EndGlobal
